
Microsoft Visual Studio Solution File, Format Version 12.00
# Visual Studio 15
VisualStudioVersion = 15.0.28307.329
MinimumVisualStudioVersion = 10.0.40219.1
Project("{FAE04EC0-301F-11D3-BF4B-00C04F79EFBC}") = "DatabaseFrontEnd", "DatabaseFrontEnd\DatabaseFrontEnd.csproj", "{E69F223A-E7EA-4DD3-A806-C5A24AFFBE1E}"
EndProject
Global
	GlobalSection(SolutionConfigurationPlatforms) = preSolution
		Debug|Any CPU = Debug|Any CPU
		Release|Any CPU = Release|Any CPU
	EndGlobalSection
	GlobalSection(ProjectConfigurationPlatforms) = postSolution
		{E69F223A-E7EA-4DD3-A806-C5A24AFFBE1E}.Debug|Any CPU.ActiveCfg = Debug|Any CPU
		{E69F223A-E7EA-4DD3-A806-C5A24AFFBE1E}.Debug|Any CPU.Build.0 = Debug|Any CPU
		{E69F223A-E7EA-4DD3-A806-C5A24AFFBE1E}.Release|Any CPU.ActiveCfg = Release|Any CPU
		{E69F223A-E7EA-4DD3-A806-C5A24AFFBE1E}.Release|Any CPU.Build.0 = Release|Any CPU
	EndGlobalSection
	GlobalSection(SolutionProperties) = preSolution
		HideSolutionNode = FALSE
	EndGlobalSection
	GlobalSection(ExtensibilityGlobals) = postSolution
		SolutionGuid = {B56D12ED-2640-40EC-BD61-9084271A3BD9}
	EndGlobalSection
EndGlobal
